// !$*UTF8*$!
{
	archiveVersion = 1;
	classes = {
	};
	objectVersion = 46;
	objects = {

/* Begin PBXBuildFile section */
		129C33C4C5C50AA47F24806B /* Pods_PoporFoundationTV.framework in Frameworks */ = {isa = PBXBuildFile; fileRef = 2E733E9A34B4C2ADAAC0B99C /* Pods_PoporFoundationTV.framework */; };
		1831BFD920E6209F0019F1A8 /* AppDelegate.m in Sources */ = {isa = PBXBuildFile; fileRef = 1831BFD820E6209F0019F1A8 /* AppDelegate.m */; };
		1831BFDC20E6209F0019F1A8 /* ViewController.m in Sources */ = {isa = PBXBuildFile; fileRef = 1831BFDB20E6209F0019F1A8 /* ViewController.m */; };
		1831BFDF20E6209F0019F1A8 /* Main.storyboard in Resources */ = {isa = PBXBuildFile; fileRef = 1831BFDD20E6209F0019F1A8 /* Main.storyboard */; };
		1831BFE120E620A10019F1A8 /* Assets.xcassets in Resources */ = {isa = PBXBuildFile; fileRef = 1831BFE020E620A10019F1A8 /* Assets.xcassets */; };
		1831BFE420E620A10019F1A8 /* main.m in Sources */ = {isa = PBXBuildFile; fileRef = 1831BFE320E620A10019F1A8 /* main.m */; };
		18B2F17B219AAF5500A05B5F /* IntentHandler.m in Sources */ = {isa = PBXBuildFile; fileRef = 18B2F17A219AAF5500A05B5F /* IntentHandler.m */; };
		18EB654520E6101D00EC2E59 /* AppDelegate.m in Sources */ = {isa = PBXBuildFile; fileRef = 18EB654420E6101D00EC2E59 /* AppDelegate.m */; };
		18EB654820E6101D00EC2E59 /* ViewController.m in Sources */ = {isa = PBXBuildFile; fileRef = 18EB654720E6101D00EC2E59 /* ViewController.m */; };
		18EB654A20E6101E00EC2E59 /* Assets.xcassets in Resources */ = {isa = PBXBuildFile; fileRef = 18EB654920E6101E00EC2E59 /* Assets.xcassets */; };
		18EB654D20E6101E00EC2E59 /* Main.storyboard in Resources */ = {isa = PBXBuildFile; fileRef = 18EB654B20E6101E00EC2E59 /* Main.storyboard */; };
		18EB655020E6101E00EC2E59 /* main.m in Sources */ = {isa = PBXBuildFile; fileRef = 18EB654F20E6101E00EC2E59 /* main.m */; };
		6003F58E195388D20070C39A /* Foundation.framework in Frameworks */ = {isa = PBXBuildFile; fileRef = 6003F58D195388D20070C39A /* Foundation.framework */; };
		6003F590195388D20070C39A /* CoreGraphics.framework in Frameworks */ = {isa = PBXBuildFile; fileRef = 6003F58F195388D20070C39A /* CoreGraphics.framework */; };
		6003F592195388D20070C39A /* UIKit.framework in Frameworks */ = {isa = PBXBuildFile; fileRef = 6003F591195388D20070C39A /* UIKit.framework */; };
		6003F598195388D20070C39A /* InfoPlist.strings in Resources */ = {isa = PBXBuildFile; fileRef = 6003F596195388D20070C39A /* InfoPlist.strings */; };
		6003F59A195388D20070C39A /* main.m in Sources */ = {isa = PBXBuildFile; fileRef = 6003F599195388D20070C39A /* main.m */; };
		6003F59E195388D20070C39A /* PoporFoundationAppDelegate.m in Sources */ = {isa = PBXBuildFile; fileRef = 6003F59D195388D20070C39A /* PoporFoundationAppDelegate.m */; };
		6003F5A7195388D20070C39A /* PoporFoundationViewController.m in Sources */ = {isa = PBXBuildFile; fileRef = 6003F5A6195388D20070C39A /* PoporFoundationViewController.m */; };
		6003F5A9195388D20070C39A /* Images.xcassets in Resources */ = {isa = PBXBuildFile; fileRef = 6003F5A8195388D20070C39A /* Images.xcassets */; };
		6003F5B1195388D20070C39A /* Foundation.framework in Frameworks */ = {isa = PBXBuildFile; fileRef = 6003F58D195388D20070C39A /* Foundation.framework */; };
		6003F5B2195388D20070C39A /* UIKit.framework in Frameworks */ = {isa = PBXBuildFile; fileRef = 6003F591195388D20070C39A /* UIKit.framework */; };
		6003F5BA195388D20070C39A /* InfoPlist.strings in Resources */ = {isa = PBXBuildFile; fileRef = 6003F5B8195388D20070C39A /* InfoPlist.strings */; };
		6003F5BC195388D20070C39A /* Tests.m in Sources */ = {isa = PBXBuildFile; fileRef = 6003F5BB195388D20070C39A /* Tests.m */; };
		71719F9F1E33DC2100824A3D /* LaunchScreen.storyboard in Resources */ = {isa = PBXBuildFile; fileRef = 71719F9D1E33DC2100824A3D /* LaunchScreen.storyboard */; };
		861F1A86C2D0922C9C36C0C4 /* Pods_PoporFoundation_Tests.framework in Frameworks */ = {isa = PBXBuildFile; fileRef = 1A055FC732BD7FDF7F31F446 /* Pods_PoporFoundation_Tests.framework */; };
		873B8AEB1B1F5CCA007FD442 /* Main.storyboard in Resources */ = {isa = PBXBuildFile; fileRef = 873B8AEA1B1F5CCA007FD442 /* Main.storyboard */; };
		AE0D875951BDF7656410177D /* Pods_PoporFoundation_Example.framework in Frameworks */ = {isa = PBXBuildFile; fileRef = 541D61E079F08EC962B07CCC /* Pods_PoporFoundation_Example.framework */; };
		C3CA6BF724C3D13F008D304B /* AttVC.m in Sources */ = {isa = PBXBuildFile; fileRef = C3CA6BF624C3D13F008D304B /* AttVC.m */; };
		E4FB4C56243766DB00DBA817 /* NSTimerVC.m in Sources */ = {isa = PBXBuildFile; fileRef = E4FB4C55243766DB00DBA817 /* NSTimerVC.m */; };
		F157F62D45B29F55FE33F27D /* Pods_PoporFoundationMac.framework in Frameworks */ = {isa = PBXBuildFile; fileRef = D8AF0E04F900F18E6EA06377 /* Pods_PoporFoundationMac.framework */; };
/* End PBXBuildFile section */

/* Begin PBXContainerItemProxy section */
		6003F5B3195388D20070C39A /* PBXContainerItemProxy */ = {
			isa = PBXContainerItemProxy;
			containerPortal = 6003F582195388D10070C39A /* Project object */;
			proxyType = 1;
			remoteGlobalIDString = 6003F589195388D20070C39A;
			remoteInfo = PoporFoundation;
		};
/* End PBXContainerItemProxy section */

/* Begin PBXFileReference section */
		1831BFD520E6209F0019F1A8 /* PoporFoundationTV.app */ = {isa = PBXFileReference; explicitFileType = wrapper.application; includeInIndex = 0; path = PoporFoundationTV.app; sourceTree = BUILT_PRODUCTS_DIR; };
		1831BFD720E6209F0019F1A8 /* AppDelegate.h */ = {isa = PBXFileReference; lastKnownFileType = sourcecode.c.h; path = AppDelegate.h; sourceTree = "<group>"; };
		1831BFD820E6209F0019F1A8 /* AppDelegate.m */ = {isa = PBXFileReference; lastKnownFileType = sourcecode.c.objc; path = AppDelegate.m; sourceTree = "<group>"; };
		1831BFDA20E6209F0019F1A8 /* ViewController.h */ = {isa = PBXFileReference; lastKnownFileType = sourcecode.c.h; path = ViewController.h; sourceTree = "<group>"; };
		1831BFDB20E6209F0019F1A8 /* ViewController.m */ = {isa = PBXFileReference; lastKnownFileType = sourcecode.c.objc; path = ViewController.m; sourceTree = "<group>"; };
		1831BFDE20E6209F0019F1A8 /* Base */ = {isa = PBXFileReference; lastKnownFileType = file.storyboard; name = Base; path = Base.lproj/Main.storyboard; sourceTree = "<group>"; };
		1831BFE020E620A10019F1A8 /* Assets.xcassets */ = {isa = PBXFileReference; lastKnownFileType = folder.assetcatalog; path = Assets.xcassets; sourceTree = "<group>"; };
		1831BFE220E620A10019F1A8 /* Info.plist */ = {isa = PBXFileReference; lastKnownFileType = text.plist.xml; path = Info.plist; sourceTree = "<group>"; };
		1831BFE320E620A10019F1A8 /* main.m */ = {isa = PBXFileReference; lastKnownFileType = sourcecode.c.objc; path = main.m; sourceTree = "<group>"; };
		18B2F177219AAF5500A05B5F /* PoporFoundationWatch.appex */ = {isa = PBXFileReference; explicitFileType = "wrapper.app-extension"; includeInIndex = 0; path = PoporFoundationWatch.appex; sourceTree = BUILT_PRODUCTS_DIR; };
		18B2F179219AAF5500A05B5F /* IntentHandler.h */ = {isa = PBXFileReference; lastKnownFileType = sourcecode.c.h; path = IntentHandler.h; sourceTree = "<group>"; };
		18B2F17A219AAF5500A05B5F /* IntentHandler.m */ = {isa = PBXFileReference; lastKnownFileType = sourcecode.c.objc; path = IntentHandler.m; sourceTree = "<group>"; };
		18B2F17C219AAF5500A05B5F /* Info.plist */ = {isa = PBXFileReference; lastKnownFileType = text.plist.xml; path = Info.plist; sourceTree = "<group>"; };
		18EB654120E6101C00EC2E59 /* PoporFoundationMac.app */ = {isa = PBXFileReference; explicitFileType = wrapper.application; includeInIndex = 0; path = PoporFoundationMac.app; sourceTree = BUILT_PRODUCTS_DIR; };
		18EB654320E6101D00EC2E59 /* AppDelegate.h */ = {isa = PBXFileReference; lastKnownFileType = sourcecode.c.h; path = AppDelegate.h; sourceTree = "<group>"; };
		18EB654420E6101D00EC2E59 /* AppDelegate.m */ = {isa = PBXFileReference; lastKnownFileType = sourcecode.c.objc; path = AppDelegate.m; sourceTree = "<group>"; };
		18EB654620E6101D00EC2E59 /* ViewController.h */ = {isa = PBXFileReference; lastKnownFileType = sourcecode.c.h; path = ViewController.h; sourceTree = "<group>"; };
		18EB654720E6101D00EC2E59 /* ViewController.m */ = {isa = PBXFileReference; lastKnownFileType = sourcecode.c.objc; path = ViewController.m; sourceTree = "<group>"; };
		18EB654920E6101E00EC2E59 /* Assets.xcassets */ = {isa = PBXFileReference; lastKnownFileType = folder.assetcatalog; path = Assets.xcassets; sourceTree = "<group>"; };
		18EB654C20E6101E00EC2E59 /* Base */ = {isa = PBXFileReference; lastKnownFileType = file.storyboard; name = Base; path = Base.lproj/Main.storyboard; sourceTree = "<group>"; };
		18EB654E20E6101E00EC2E59 /* Info.plist */ = {isa = PBXFileReference; lastKnownFileType = text.plist.xml; path = Info.plist; sourceTree = "<group>"; };
		18EB654F20E6101E00EC2E59 /* main.m */ = {isa = PBXFileReference; lastKnownFileType = sourcecode.c.objc; path = main.m; sourceTree = "<group>"; };
		18EB655120E6101E00EC2E59 /* PoporFoundationMac.entitlements */ = {isa = PBXFileReference; lastKnownFileType = text.plist.entitlements; path = PoporFoundationMac.entitlements; sourceTree = "<group>"; };
		1A055FC732BD7FDF7F31F446 /* Pods_PoporFoundation_Tests.framework */ = {isa = PBXFileReference; explicitFileType = wrapper.framework; includeInIndex = 0; path = Pods_PoporFoundation_Tests.framework; sourceTree = BUILT_PRODUCTS_DIR; };
		2212B2D6CC4EC4A6BAA5CE72 /* LICENSE */ = {isa = PBXFileReference; includeInIndex = 1; lastKnownFileType = text; name = LICENSE; path = ../LICENSE; sourceTree = "<group>"; };
		2E733E9A34B4C2ADAAC0B99C /* Pods_PoporFoundationTV.framework */ = {isa = PBXFileReference; explicitFileType = wrapper.framework; includeInIndex = 0; path = Pods_PoporFoundationTV.framework; sourceTree = BUILT_PRODUCTS_DIR; };
		416A96379209DC3873775F56 /* Pods-PoporFoundationMac.debug.xcconfig */ = {isa = PBXFileReference; includeInIndex = 1; lastKnownFileType = text.xcconfig; name = "Pods-PoporFoundationMac.debug.xcconfig"; path = "Pods/Target Support Files/Pods-PoporFoundationMac/Pods-PoporFoundationMac.debug.xcconfig"; sourceTree = "<group>"; };
		4C648E9975CC1F3E7482EC93 /* Pods-PoporFoundationMac.release.xcconfig */ = {isa = PBXFileReference; includeInIndex = 1; lastKnownFileType = text.xcconfig; name = "Pods-PoporFoundationMac.release.xcconfig"; path = "Pods/Target Support Files/Pods-PoporFoundationMac/Pods-PoporFoundationMac.release.xcconfig"; sourceTree = "<group>"; };
		541D61E079F08EC962B07CCC /* Pods_PoporFoundation_Example.framework */ = {isa = PBXFileReference; explicitFileType = wrapper.framework; includeInIndex = 0; path = Pods_PoporFoundation_Example.framework; sourceTree = BUILT_PRODUCTS_DIR; };
		6003F58A195388D20070C39A /* PoporFoundation_Example.app */ = {isa = PBXFileReference; explicitFileType = wrapper.application; includeInIndex = 0; path = PoporFoundation_Example.app; sourceTree = BUILT_PRODUCTS_DIR; };
		6003F58D195388D20070C39A /* Foundation.framework */ = {isa = PBXFileReference; lastKnownFileType = wrapper.framework; name = Foundation.framework; path = System/Library/Frameworks/Foundation.framework; sourceTree = SDKROOT; };
		6003F58F195388D20070C39A /* CoreGraphics.framework */ = {isa = PBXFileReference; lastKnownFileType = wrapper.framework; name = CoreGraphics.framework; path = System/Library/Frameworks/CoreGraphics.framework; sourceTree = SDKROOT; };
		6003F591195388D20070C39A /* UIKit.framework */ = {isa = PBXFileReference; lastKnownFileType = wrapper.framework; name = UIKit.framework; path = System/Library/Frameworks/UIKit.framework; sourceTree = SDKROOT; };
		6003F595195388D20070C39A /* PoporFoundation-Info.plist */ = {isa = PBXFileReference; lastKnownFileType = text.plist.xml; path = "PoporFoundation-Info.plist"; sourceTree = "<group>"; };
		6003F597195388D20070C39A /* en */ = {isa = PBXFileReference; lastKnownFileType = text.plist.strings; name = en; path = en.lproj/InfoPlist.strings; sourceTree = "<group>"; };
		6003F599195388D20070C39A /* main.m */ = {isa = PBXFileReference; lastKnownFileType = sourcecode.c.objc; path = main.m; sourceTree = "<group>"; };
		6003F59B195388D20070C39A /* PoporFoundation-Prefix.pch */ = {isa = PBXFileReference; lastKnownFileType = sourcecode.c.h; path = "PoporFoundation-Prefix.pch"; sourceTree = "<group>"; };
		6003F59C195388D20070C39A /* PoporFoundationAppDelegate.h */ = {isa = PBXFileReference; lastKnownFileType = sourcecode.c.h; path = PoporFoundationAppDelegate.h; sourceTree = "<group>"; };
		6003F59D195388D20070C39A /* PoporFoundationAppDelegate.m */ = {isa = PBXFileReference; lastKnownFileType = sourcecode.c.objc; path = PoporFoundationAppDelegate.m; sourceTree = "<group>"; };
		6003F5A5195388D20070C39A /* PoporFoundationViewController.h */ = {isa = PBXFileReference; lastKnownFileType = sourcecode.c.h; path = PoporFoundationViewController.h; sourceTree = "<group>"; };
		6003F5A6195388D20070C39A /* PoporFoundationViewController.m */ = {isa = PBXFileReference; lastKnownFileType = sourcecode.c.objc; path = PoporFoundationViewController.m; sourceTree = "<group>"; };
		6003F5A8195388D20070C39A /* Images.xcassets */ = {isa = PBXFileReference; lastKnownFileType = folder.assetcatalog; path = Images.xcassets; sourceTree = "<group>"; };
		6003F5AE195388D20070C39A /* PoporFoundation_Tests.xctest */ = {isa = PBXFileReference; explicitFileType = wrapper.cfbundle; includeInIndex = 0; path = PoporFoundation_Tests.xctest; sourceTree = BUILT_PRODUCTS_DIR; };
		6003F5B7195388D20070C39A /* Tests-Info.plist */ = {isa = PBXFileReference; lastKnownFileType = text.plist.xml; path = "Tests-Info.plist"; sourceTree = "<group>"; };
		6003F5B9195388D20070C39A /* en */ = {isa = PBXFileReference; lastKnownFileType = text.plist.strings; name = en; path = en.lproj/InfoPlist.strings; sourceTree = "<group>"; };
		6003F5BB195388D20070C39A /* Tests.m */ = {isa = PBXFileReference; lastKnownFileType = sourcecode.c.objc; path = Tests.m; sourceTree = "<group>"; };
		606FC2411953D9B200FFA9A0 /* Tests-Prefix.pch */ = {isa = PBXFileReference; lastKnownFileType = sourcecode.c.h; path = "Tests-Prefix.pch"; sourceTree = "<group>"; };
		71719F9E1E33DC2100824A3D /* Base */ = {isa = PBXFileReference; lastKnownFileType = file.storyboard; name = Base; path = Base.lproj/LaunchScreen.storyboard; sourceTree = "<group>"; };
		75CE04B825F65AD63CDC662A /* Pods-PoporFoundation_Tests.debug.xcconfig */ = {isa = PBXFileReference; includeInIndex = 1; lastKnownFileType = text.xcconfig; name = "Pods-PoporFoundation_Tests.debug.xcconfig"; path = "Pods/Target Support Files/Pods-PoporFoundation_Tests/Pods-PoporFoundation_Tests.debug.xcconfig"; sourceTree = "<group>"; };
		7AF18C123667655E3560497C /* Pods-PoporFoundation_Tests.release.xcconfig */ = {isa = PBXFileReference; includeInIndex = 1; lastKnownFileType = text.xcconfig; name = "Pods-PoporFoundation_Tests.release.xcconfig"; path = "Pods/Target Support Files/Pods-PoporFoundation_Tests/Pods-PoporFoundation_Tests.release.xcconfig"; sourceTree = "<group>"; };
		7F75326025564657249F938B /* PoporFoundation.podspec */ = {isa = PBXFileReference; includeInIndex = 1; lastKnownFileType = text; name = PoporFoundation.podspec; path = ../PoporFoundation.podspec; sourceTree = "<group>"; xcLanguageSpecificationIdentifier = xcode.lang.ruby; };
		873B8AEA1B1F5CCA007FD442 /* Main.storyboard */ = {isa = PBXFileReference; fileEncoding = 4; lastKnownFileType = file.storyboard; path = Main.storyboard; sourceTree = "<group>"; };
		AA995ABB33031BCCA677BEB8 /* Pods-PoporFoundationTV.debug.xcconfig */ = {isa = PBXFileReference; includeInIndex = 1; lastKnownFileType = text.xcconfig; name = "Pods-PoporFoundationTV.debug.xcconfig"; path = "Pods/Target Support Files/Pods-PoporFoundationTV/Pods-PoporFoundationTV.debug.xcconfig"; sourceTree = "<group>"; };
		B7938C6C8126F8C60A9EE694 /* Pods-PoporFoundationTV.release.xcconfig */ = {isa = PBXFileReference; includeInIndex = 1; lastKnownFileType = text.xcconfig; name = "Pods-PoporFoundationTV.release.xcconfig"; path = "Pods/Target Support Files/Pods-PoporFoundationTV/Pods-PoporFoundationTV.release.xcconfig"; sourceTree = "<group>"; };
		C3CA6BF524C3D13F008D304B /* AttVC.h */ = {isa = PBXFileReference; lastKnownFileType = sourcecode.c.h; path = AttVC.h; sourceTree = "<group>"; };
		C3CA6BF624C3D13F008D304B /* AttVC.m */ = {isa = PBXFileReference; lastKnownFileType = sourcecode.c.objc; path = AttVC.m; sourceTree = "<group>"; };
		D8AF0E04F900F18E6EA06377 /* Pods_PoporFoundationMac.framework */ = {isa = PBXFileReference; explicitFileType = wrapper.framework; includeInIndex = 0; path = Pods_PoporFoundationMac.framework; sourceTree = BUILT_PRODUCTS_DIR; };
		D8DF27F2DCBE6AF686353637 /* Pods-PoporFoundation_Example.release.xcconfig */ = {isa = PBXFileReference; includeInIndex = 1; lastKnownFileType = text.xcconfig; name = "Pods-PoporFoundation_Example.release.xcconfig"; path = "Pods/Target Support Files/Pods-PoporFoundation_Example/Pods-PoporFoundation_Example.release.xcconfig"; sourceTree = "<group>"; };
		E4FB4C54243766DB00DBA817 /* NSTimerVC.h */ = {isa = PBXFileReference; lastKnownFileType = sourcecode.c.h; path = NSTimerVC.h; sourceTree = "<group>"; };
		E4FB4C55243766DB00DBA817 /* NSTimerVC.m */ = {isa = PBXFileReference; lastKnownFileType = sourcecode.c.objc; path = NSTimerVC.m; sourceTree = "<group>"; };
		E7557B07A6B58E89C88005FC /* Pods-PoporFoundation_Example.debug.xcconfig */ = {isa = PBXFileReference; includeInIndex = 1; lastKnownFileType = text.xcconfig; name = "Pods-PoporFoundation_Example.debug.xcconfig"; path = "Pods/Target Support Files/Pods-PoporFoundation_Example/Pods-PoporFoundation_Example.debug.xcconfig"; sourceTree = "<group>"; };
		EB1FED7CC3C5636B98157B3F /* README.md */ = {isa = PBXFileReference; includeInIndex = 1; lastKnownFileType = net.daringfireball.markdown; name = README.md; path = ../README.md; sourceTree = "<group>"; };
/* End PBXFileReference section */

/* Begin PBXFrameworksBuildPhase section */
		1831BFD220E6209F0019F1A8 /* Frameworks */ = {
			isa = PBXFrameworksBuildPhase;
			buildActionMask = 2147483647;
			files = (
				129C33C4C5C50AA47F24806B /* Pods_PoporFoundationTV.framework in Frameworks */,
			);
			runOnlyForDeploymentPostprocessing = 0;
		};
		18B2F174219AAF5500A05B5F /* Frameworks */ = {
			isa = PBXFrameworksBuildPhase;
			buildActionMask = 2147483647;
			files = (
			);
			runOnlyForDeploymentPostprocessing = 0;
		};
		18EB653E20E6101C00EC2E59 /* Frameworks */ = {
			isa = PBXFrameworksBuildPhase;
			buildActionMask = 2147483647;
			files = (
				F157F62D45B29F55FE33F27D /* Pods_PoporFoundationMac.framework in Frameworks */,
			);
			runOnlyForDeploymentPostprocessing = 0;
		};
		6003F587195388D20070C39A /* Frameworks */ = {
			isa = PBXFrameworksBuildPhase;
			buildActionMask = 2147483647;
			files = (
				6003F590195388D20070C39A /* CoreGraphics.framework in Frameworks */,
				6003F592195388D20070C39A /* UIKit.framework in Frameworks */,
				6003F58E195388D20070C39A /* Foundation.framework in Frameworks */,
				AE0D875951BDF7656410177D /* Pods_PoporFoundation_Example.framework in Frameworks */,
			);
			runOnlyForDeploymentPostprocessing = 0;
		};
		6003F5AB195388D20070C39A /* Frameworks */ = {
			isa = PBXFrameworksBuildPhase;
			buildActionMask = 2147483647;
			files = (
				6003F5B2195388D20070C39A /* UIKit.framework in Frameworks */,
				6003F5B1195388D20070C39A /* Foundation.framework in Frameworks */,
				861F1A86C2D0922C9C36C0C4 /* Pods_PoporFoundation_Tests.framework in Frameworks */,
			);
			runOnlyForDeploymentPostprocessing = 0;
		};
/* End PBXFrameworksBuildPhase section */

/* Begin PBXGroup section */
		1831BFD620E6209F0019F1A8 /* PoporFoundationTV */ = {
			isa = PBXGroup;
			children = (
				1831BFE820E624150019F1A8 /* other */,
				1831BFD720E6209F0019F1A8 /* AppDelegate.h */,
				1831BFD820E6209F0019F1A8 /* AppDelegate.m */,
				1831BFDA20E6209F0019F1A8 /* ViewController.h */,
				1831BFDB20E6209F0019F1A8 /* ViewController.m */,
			);
			path = PoporFoundationTV;
			sourceTree = "<group>";
		};
		1831BFE820E624150019F1A8 /* other */ = {
			isa = PBXGroup;
			children = (
				1831BFDD20E6209F0019F1A8 /* Main.storyboard */,
				1831BFE020E620A10019F1A8 /* Assets.xcassets */,
				1831BFE220E620A10019F1A8 /* Info.plist */,
				1831BFE320E620A10019F1A8 /* main.m */,
			);
			name = other;
			sourceTree = "<group>";
		};
		18B2F178219AAF5500A05B5F /* PoporFoundationWatch */ = {
			isa = PBXGroup;
			children = (
				18B2F179219AAF5500A05B5F /* IntentHandler.h */,
				18B2F17A219AAF5500A05B5F /* IntentHandler.m */,
				18B2F17C219AAF5500A05B5F /* Info.plist */,
			);
			path = PoporFoundationWatch;
			sourceTree = "<group>";
		};
		18EB654220E6101D00EC2E59 /* PoporFoundationMac */ = {
			isa = PBXGroup;
			children = (
				18EB655620E6103400EC2E59 /* other */,
				18EB654320E6101D00EC2E59 /* AppDelegate.h */,
				18EB654420E6101D00EC2E59 /* AppDelegate.m */,
				18EB654620E6101D00EC2E59 /* ViewController.h */,
				18EB654720E6101D00EC2E59 /* ViewController.m */,
			);
			path = PoporFoundationMac;
			sourceTree = "<group>";
		};
		18EB655620E6103400EC2E59 /* other */ = {
			isa = PBXGroup;
			children = (
				18EB654920E6101E00EC2E59 /* Assets.xcassets */,
				18EB654B20E6101E00EC2E59 /* Main.storyboard */,
				18EB654E20E6101E00EC2E59 /* Info.plist */,
				18EB654F20E6101E00EC2E59 /* main.m */,
				18EB655120E6101E00EC2E59 /* PoporFoundationMac.entitlements */,
			);
			name = other;
			sourceTree = "<group>";
		};
		1B1DE5A73924A0DC7D8A9CB9 /* Pods */ = {
			isa = PBXGroup;
			children = (
				E7557B07A6B58E89C88005FC /* Pods-PoporFoundation_Example.debug.xcconfig */,
				D8DF27F2DCBE6AF686353637 /* Pods-PoporFoundation_Example.release.xcconfig */,
				75CE04B825F65AD63CDC662A /* Pods-PoporFoundation_Tests.debug.xcconfig */,
				7AF18C123667655E3560497C /* Pods-PoporFoundation_Tests.release.xcconfig */,
				416A96379209DC3873775F56 /* Pods-PoporFoundationMac.debug.xcconfig */,
				4C648E9975CC1F3E7482EC93 /* Pods-PoporFoundationMac.release.xcconfig */,
				AA995ABB33031BCCA677BEB8 /* Pods-PoporFoundationTV.debug.xcconfig */,
				B7938C6C8126F8C60A9EE694 /* Pods-PoporFoundationTV.release.xcconfig */,
			);
			name = Pods;
			sourceTree = "<group>";
		};
		6003F581195388D10070C39A = {
			isa = PBXGroup;
			children = (
				60FF7A9C1954A5C5007DD14C /* Podspec Metadata */,
				6003F593195388D20070C39A /* Example for PoporFoundation */,
				6003F5B5195388D20070C39A /* Tests */,
				18EB654220E6101D00EC2E59 /* PoporFoundationMac */,
				1831BFD620E6209F0019F1A8 /* PoporFoundationTV */,
				18B2F178219AAF5500A05B5F /* PoporFoundationWatch */,
				6003F58C195388D20070C39A /* Frameworks */,
				6003F58B195388D20070C39A /* Products */,
				1B1DE5A73924A0DC7D8A9CB9 /* Pods */,
			);
			sourceTree = "<group>";
		};
		6003F58B195388D20070C39A /* Products */ = {
			isa = PBXGroup;
			children = (
				6003F58A195388D20070C39A /* PoporFoundation_Example.app */,
				6003F5AE195388D20070C39A /* PoporFoundation_Tests.xctest */,
				18EB654120E6101C00EC2E59 /* PoporFoundationMac.app */,
				1831BFD520E6209F0019F1A8 /* PoporFoundationTV.app */,
				18B2F177219AAF5500A05B5F /* PoporFoundationWatch.appex */,
			);
			name = Products;
			sourceTree = "<group>";
		};
		6003F58C195388D20070C39A /* Frameworks */ = {
			isa = PBXGroup;
			children = (
				6003F58D195388D20070C39A /* Foundation.framework */,
				6003F58F195388D20070C39A /* CoreGraphics.framework */,
				6003F591195388D20070C39A /* UIKit.framework */,
				D8AF0E04F900F18E6EA06377 /* Pods_PoporFoundationMac.framework */,
				2E733E9A34B4C2ADAAC0B99C /* Pods_PoporFoundationTV.framework */,
				541D61E079F08EC962B07CCC /* Pods_PoporFoundation_Example.framework */,
				1A055FC732BD7FDF7F31F446 /* Pods_PoporFoundation_Tests.framework */,
			);
			name = Frameworks;
			sourceTree = "<group>";
		};
		6003F593195388D20070C39A /* Example for PoporFoundation */ = {
			isa = PBXGroup;
			children = (
				E406A9D820D4A672003B128F /* other */,
				6003F5A5195388D20070C39A /* PoporFoundationViewController.h */,
				6003F5A6195388D20070C39A /* PoporFoundationViewController.m */,
				E4FB4C53243766B400DBA817 /* NSTimerVC */,
				C3CA6BF424C3D112008D304B /* AttVC */,
			);
			name = "Example for PoporFoundation";
			path = PoporFoundation;
			sourceTree = "<group>";
		};
		6003F594195388D20070C39A /* Supporting Files */ = {
			isa = PBXGroup;
			children = (
				6003F595195388D20070C39A /* PoporFoundation-Info.plist */,
				6003F596195388D20070C39A /* InfoPlist.strings */,
				6003F599195388D20070C39A /* main.m */,
				6003F59B195388D20070C39A /* PoporFoundation-Prefix.pch */,
			);
			name = "Supporting Files";
			sourceTree = "<group>";
		};
		6003F5B5195388D20070C39A /* Tests */ = {
			isa = PBXGroup;
			children = (
				6003F5BB195388D20070C39A /* Tests.m */,
				6003F5B6195388D20070C39A /* Supporting Files */,
			);
			path = Tests;
			sourceTree = "<group>";
		};
		6003F5B6195388D20070C39A /* Supporting Files */ = {
			isa = PBXGroup;
			children = (
				6003F5B7195388D20070C39A /* Tests-Info.plist */,
				6003F5B8195388D20070C39A /* InfoPlist.strings */,
				606FC2411953D9B200FFA9A0 /* Tests-Prefix.pch */,
			);
			name = "Supporting Files";
			sourceTree = "<group>";
		};
		60FF7A9C1954A5C5007DD14C /* Podspec Metadata */ = {
			isa = PBXGroup;
			children = (
				7F75326025564657249F938B /* PoporFoundation.podspec */,
				EB1FED7CC3C5636B98157B3F /* README.md */,
				2212B2D6CC4EC4A6BAA5CE72 /* LICENSE */,
			);
			name = "Podspec Metadata";
			sourceTree = "<group>";
		};
		C3CA6BF424C3D112008D304B /* AttVC */ = {
			isa = PBXGroup;
			children = (
				C3CA6BF524C3D13F008D304B /* AttVC.h */,
				C3CA6BF624C3D13F008D304B /* AttVC.m */,
			);
			path = AttVC;
			sourceTree = "<group>";
		};
		E406A9D820D4A672003B128F /* other */ = {
			isa = PBXGroup;
			children = (
				6003F59C195388D20070C39A /* PoporFoundationAppDelegate.h */,
				6003F59D195388D20070C39A /* PoporFoundationAppDelegate.m */,
				873B8AEA1B1F5CCA007FD442 /* Main.storyboard */,
				71719F9D1E33DC2100824A3D /* LaunchScreen.storyboard */,
				6003F5A8195388D20070C39A /* Images.xcassets */,
				6003F594195388D20070C39A /* Supporting Files */,
			);
			name = other;
			sourceTree = "<group>";
		};
		E4FB4C53243766B400DBA817 /* NSTimerVC */ = {
			isa = PBXGroup;
			children = (
				E4FB4C54243766DB00DBA817 /* NSTimerVC.h */,
				E4FB4C55243766DB00DBA817 /* NSTimerVC.m */,
			);
			path = NSTimerVC;
			sourceTree = "<group>";
		};
/* End PBXGroup section */

/* Begin PBXNativeTarget section */
		1831BFD420E6209F0019F1A8 /* PoporFoundationTV */ = {
			isa = PBXNativeTarget;
			buildConfigurationList = 1831BFE720E620A10019F1A8 /* Build configuration list for PBXNativeTarget "PoporFoundationTV" */;
			buildPhases = (
				871801C8B8AD174A7DF4010D /* [CP] Check Pods Manifest.lock */,
				1831BFD120E6209F0019F1A8 /* Sources */,
				1831BFD220E6209F0019F1A8 /* Frameworks */,
				1831BFD320E6209F0019F1A8 /* Resources */,
				512E31B84CA32158B64177D1 /* [CP] Embed Pods Frameworks */,
			);
			buildRules = (
			);
			dependencies = (
			);
			name = PoporFoundationTV;
			productName = PoporFoundationTV;
			productReference = 1831BFD520E6209F0019F1A8 /* PoporFoundationTV.app */;
			productType = "com.apple.product-type.application";
		};
		18B2F176219AAF5500A05B5F /* PoporFoundationWatch */ = {
			isa = PBXNativeTarget;
			buildConfigurationList = 18B2F17F219AAF5500A05B5F /* Build configuration list for PBXNativeTarget "PoporFoundationWatch" */;
			buildPhases = (
				18B2F173219AAF5500A05B5F /* Sources */,
				18B2F174219AAF5500A05B5F /* Frameworks */,
				18B2F175219AAF5500A05B5F /* Resources */,
			);
			buildRules = (
			);
			dependencies = (
			);
			name = PoporFoundationWatch;
			productName = PoporFoundationWatch;
			productReference = 18B2F177219AAF5500A05B5F /* PoporFoundationWatch.appex */;
			productType = "com.apple.product-type.app-extension.intents-service";
		};
		18EB654020E6101C00EC2E59 /* PoporFoundationMac */ = {
			isa = PBXNativeTarget;
			buildConfigurationList = 18EB655420E6101E00EC2E59 /* Build configuration list for PBXNativeTarget "PoporFoundationMac" */;
			buildPhases = (
				D29B536BE6436F4E31A85668 /* [CP] Check Pods Manifest.lock */,
				18EB653D20E6101C00EC2E59 /* Sources */,
				18EB653E20E6101C00EC2E59 /* Frameworks */,
				18EB653F20E6101C00EC2E59 /* Resources */,
				17420EC7F27D5F08C4B655FD /* [CP] Embed Pods Frameworks */,
			);
			buildRules = (
			);
			dependencies = (
			);
			name = PoporFoundationMac;
			productName = PoporFoundationMac;
			productReference = 18EB654120E6101C00EC2E59 /* PoporFoundationMac.app */;
			productType = "com.apple.product-type.application";
		};
		6003F589195388D20070C39A /* PoporFoundation_Example */ = {
			isa = PBXNativeTarget;
			buildConfigurationList = 6003F5BF195388D20070C39A /* Build configuration list for PBXNativeTarget "PoporFoundation_Example" */;
			buildPhases = (
				989EA666253D8334441ED09F /* [CP] Check Pods Manifest.lock */,
				6003F586195388D20070C39A /* Sources */,
				6003F587195388D20070C39A /* Frameworks */,
				6003F588195388D20070C39A /* Resources */,
				15313BC1F16611EDBFBEB0FD /* [CP] Embed Pods Frameworks */,
			);
			buildRules = (
			);
			dependencies = (
			);
			name = PoporFoundation_Example;
			productName = PoporFoundation;
			productReference = 6003F58A195388D20070C39A /* PoporFoundation_Example.app */;
			productType = "com.apple.product-type.application";
		};
		6003F5AD195388D20070C39A /* PoporFoundation_Tests */ = {
			isa = PBXNativeTarget;
			buildConfigurationList = 6003F5C2195388D20070C39A /* Build configuration list for PBXNativeTarget "PoporFoundation_Tests" */;
			buildPhases = (
				5B148E41A945C0375E9CFF79 /* [CP] Check Pods Manifest.lock */,
				6003F5AA195388D20070C39A /* Sources */,
				6003F5AB195388D20070C39A /* Frameworks */,
				6003F5AC195388D20070C39A /* Resources */,
			);
			buildRules = (
			);
			dependencies = (
				6003F5B4195388D20070C39A /* PBXTargetDependency */,
			);
			name = PoporFoundation_Tests;
			productName = PoporFoundationTests;
			productReference = 6003F5AE195388D20070C39A /* PoporFoundation_Tests.xctest */;
			productType = "com.apple.product-type.bundle.unit-test";
		};
/* End PBXNativeTarget section */

/* Begin PBXProject section */
		6003F582195388D10070C39A /* Project object */ = {
			isa = PBXProject;
			attributes = {
				CLASSPREFIX = PoporFoundation;
				LastUpgradeCheck = 0720;
				ORGANIZATIONNAME = popor;
				TargetAttributes = {
					1831BFD420E6209F0019F1A8 = {
						CreatedOnToolsVersion = 9.4;
						ProvisioningStyle = Automatic;
					};
					18B2F176219AAF5500A05B5F = {
						CreatedOnToolsVersion = 10.1;
						ProvisioningStyle = Automatic;
					};
					18EB654020E6101C00EC2E59 = {
						CreatedOnToolsVersion = 9.4;
						ProvisioningStyle = Automatic;
					};
					6003F589195388D20070C39A = {
						DevelopmentTeam = 6SK6RQ8S8Q;
					};
					6003F5AD195388D20070C39A = {
						TestTargetID = 6003F589195388D20070C39A;
					};
				};
			};
			buildConfigurationList = 6003F585195388D10070C39A /* Build configuration list for PBXProject "PoporFoundation" */;
			compatibilityVersion = "Xcode 3.2";
			developmentRegion = English;
			hasScannedForEncodings = 0;
			knownRegions = (
				English,
				en,
				Base,
			);
			mainGroup = 6003F581195388D10070C39A;
			productRefGroup = 6003F58B195388D20070C39A /* Products */;
			projectDirPath = "";
			projectRoot = "";
			targets = (
				6003F589195388D20070C39A /* PoporFoundation_Example */,
				18EB654020E6101C00EC2E59 /* PoporFoundationMac */,
				1831BFD420E6209F0019F1A8 /* PoporFoundationTV */,
				6003F5AD195388D20070C39A /* PoporFoundation_Tests */,
				18B2F176219AAF5500A05B5F /* PoporFoundationWatch */,
			);
		};
/* End PBXProject section */

/* Begin PBXResourcesBuildPhase section */
		1831BFD320E6209F0019F1A8 /* Resources */ = {
			isa = PBXResourcesBuildPhase;
			buildActionMask = 2147483647;
			files = (
				1831BFE120E620A10019F1A8 /* Assets.xcassets in Resources */,
				1831BFDF20E6209F0019F1A8 /* Main.storyboard in Resources */,
			);
			runOnlyForDeploymentPostprocessing = 0;
		};
		18B2F175219AAF5500A05B5F /* Resources */ = {
			isa = PBXResourcesBuildPhase;
			buildActionMask = 2147483647;
			files = (
			);
			runOnlyForDeploymentPostprocessing = 0;
		};
		18EB653F20E6101C00EC2E59 /* Resources */ = {
			isa = PBXResourcesBuildPhase;
			buildActionMask = 2147483647;
			files = (
				18EB654A20E6101E00EC2E59 /* Assets.xcassets in Resources */,
				18EB654D20E6101E00EC2E59 /* Main.storyboard in Resources */,
			);
			runOnlyForDeploymentPostprocessing = 0;
		};
		6003F588195388D20070C39A /* Resources */ = {
			isa = PBXResourcesBuildPhase;
			buildActionMask = 2147483647;
			files = (
				873B8AEB1B1F5CCA007FD442 /* Main.storyboard in Resources */,
				71719F9F1E33DC2100824A3D /* LaunchScreen.storyboard in Resources */,
				6003F5A9195388D20070C39A /* Images.xcassets in Resources */,
				6003F598195388D20070C39A /* InfoPlist.strings in Resources */,
			);
			runOnlyForDeploymentPostprocessing = 0;
		};
		6003F5AC195388D20070C39A /* Resources */ = {
			isa = PBXResourcesBuildPhase;
			buildActionMask = 2147483647;
			files = (
				6003F5BA195388D20070C39A /* InfoPlist.strings in Resources */,
			);
			runOnlyForDeploymentPostprocessing = 0;
		};
/* End PBXResourcesBuildPhase section */

/* Begin PBXShellScriptBuildPhase section */
		15313BC1F16611EDBFBEB0FD /* [CP] Embed Pods Frameworks */ = {
			isa = PBXShellScriptBuildPhase;
			buildActionMask = 2147483647;
			files = (
			);
			inputPaths = (
				"${PODS_ROOT}/Target Support Files/Pods-PoporFoundation_Example/Pods-PoporFoundation_Example-frameworks.sh",
				"${BUILT_PRODUCTS_DIR}/PoporFoundation-iOS/PoporFoundation.framework",
				"${BUILT_PRODUCTS_DIR}/ReactiveObjC/ReactiveObjC.framework",
			);
			name = "[CP] Embed Pods Frameworks";
			outputPaths = (
				"${TARGET_BUILD_DIR}/${FRAMEWORKS_FOLDER_PATH}/PoporFoundation.framework",
				"${TARGET_BUILD_DIR}/${FRAMEWORKS_FOLDER_PATH}/ReactiveObjC.framework",
			);
			runOnlyForDeploymentPostprocessing = 0;
			shellPath = /bin/sh;
			shellScript = "\"${PODS_ROOT}/Target Support Files/Pods-PoporFoundation_Example/Pods-PoporFoundation_Example-frameworks.sh\"\n";
			showEnvVarsInLog = 0;
		};
		17420EC7F27D5F08C4B655FD /* [CP] Embed Pods Frameworks */ = {
			isa = PBXShellScriptBuildPhase;
			buildActionMask = 2147483647;
			files = (
			);
			inputPaths = (
				"${PODS_ROOT}/Target Support Files/Pods-PoporFoundationMac/Pods-PoporFoundationMac-frameworks.sh",
				"${BUILT_PRODUCTS_DIR}/PoporFoundation-macOS/PoporFoundation.framework",
			);
			name = "[CP] Embed Pods Frameworks";
			outputPaths = (
				"${TARGET_BUILD_DIR}/${FRAMEWORKS_FOLDER_PATH}/PoporFoundation.framework",
			);
			runOnlyForDeploymentPostprocessing = 0;
			shellPath = /bin/sh;
			shellScript = "\"${PODS_ROOT}/Target Support Files/Pods-PoporFoundationMac/Pods-PoporFoundationMac-frameworks.sh\"\n";
			showEnvVarsInLog = 0;
		};
		512E31B84CA32158B64177D1 /* [CP] Embed Pods Frameworks */ = {
			isa = PBXShellScriptBuildPhase;
			buildActionMask = 2147483647;
			files = (
			);
			inputPaths = (
				"${PODS_ROOT}/Target Support Files/Pods-PoporFoundationTV/Pods-PoporFoundationTV-frameworks.sh",
				"${BUILT_PRODUCTS_DIR}/PoporFoundation-tvOS/PoporFoundation.framework",
			);
			name = "[CP] Embed Pods Frameworks";
			outputPaths = (
				"${TARGET_BUILD_DIR}/${FRAMEWORKS_FOLDER_PATH}/PoporFoundation.framework",
			);
			runOnlyForDeploymentPostprocessing = 0;
			shellPath = /bin/sh;
			shellScript = "\"${PODS_ROOT}/Target Support Files/Pods-PoporFoundationTV/Pods-PoporFoundationTV-frameworks.sh\"\n";
			showEnvVarsInLog = 0;
		};
		5B148E41A945C0375E9CFF79 /* [CP] Check Pods Manifest.lock */ = {
			isa = PBXShellScriptBuildPhase;
			buildActionMask = 2147483647;
			files = (
			);
			inputPaths = (
				"${PODS_PODFILE_DIR_PATH}/Podfile.lock",
				"${PODS_ROOT}/Manifest.lock",
			);
			name = "[CP] Check Pods Manifest.lock";
			outputPaths = (
				"$(DERIVED_FILE_DIR)/Pods-PoporFoundation_Tests-checkManifestLockResult.txt",
			);
			runOnlyForDeploymentPostprocessing = 0;
			shellPath = /bin/sh;
			shellScript = "diff \"${PODS_PODFILE_DIR_PATH}/Podfile.lock\" \"${PODS_ROOT}/Manifest.lock\" > /dev/null\nif [ $? != 0 ] ; then\n    # print error to STDERR\n    echo \"error: The sandbox is not in sync with the Podfile.lock. Run 'pod install' or update your CocoaPods installation.\" >&2\n    exit 1\nfi\n# This output is used by Xcode 'outputs' to avoid re-running this script phase.\necho \"SUCCESS\" > \"${SCRIPT_OUTPUT_FILE_0}\"\n";
			showEnvVarsInLog = 0;
		};
		871801C8B8AD174A7DF4010D /* [CP] Check Pods Manifest.lock */ = {
			isa = PBXShellScriptBuildPhase;
			buildActionMask = 2147483647;
			files = (
			);
			inputPaths = (
				"${PODS_PODFILE_DIR_PATH}/Podfile.lock",
				"${PODS_ROOT}/Manifest.lock",
			);
			name = "[CP] Check Pods Manifest.lock";
			outputPaths = (
				"$(DERIVED_FILE_DIR)/Pods-PoporFoundationTV-checkManifestLockResult.txt",
			);
			runOnlyForDeploymentPostprocessing = 0;
			shellPath = /bin/sh;
			shellScript = "diff \"${PODS_PODFILE_DIR_PATH}/Podfile.lock\" \"${PODS_ROOT}/Manifest.lock\" > /dev/null\nif [ $? != 0 ] ; then\n    # print error to STDERR\n    echo \"error: The sandbox is not in sync with the Podfile.lock. Run 'pod install' or update your CocoaPods installation.\" >&2\n    exit 1\nfi\n# This output is used by Xcode 'outputs' to avoid re-running this script phase.\necho \"SUCCESS\" > \"${SCRIPT_OUTPUT_FILE_0}\"\n";
			showEnvVarsInLog = 0;
		};
		989EA666253D8334441ED09F /* [CP] Check Pods Manifest.lock */ = {
			isa = PBXShellScriptBuildPhase;
			buildActionMask = 2147483647;
			files = (
			);
			inputPaths = (
				"${PODS_PODFILE_DIR_PATH}/Podfile.lock",
				"${PODS_ROOT}/Manifest.lock",
			);
			name = "[CP] Check Pods Manifest.lock";
			outputPaths = (
				"$(DERIVED_FILE_DIR)/Pods-PoporFoundation_Example-checkManifestLockResult.txt",
			);
			runOnlyForDeploymentPostprocessing = 0;
			shellPath = /bin/sh;
			shellScript = "diff \"${PODS_PODFILE_DIR_PATH}/Podfile.lock\" \"${PODS_ROOT}/Manifest.lock\" > /dev/null\nif [ $? != 0 ] ; then\n    # print error to STDERR\n    echo \"error: The sandbox is not in sync with the Podfile.lock. Run 'pod install' or update your CocoaPods installation.\" >&2\n    exit 1\nfi\n# This output is used by Xcode 'outputs' to avoid re-running this script phase.\necho \"SUCCESS\" > \"${SCRIPT_OUTPUT_FILE_0}\"\n";
			showEnvVarsInLog = 0;
		};
		D29B536BE6436F4E31A85668 /* [CP] Check Pods Manifest.lock */ = {
			isa = PBXShellScriptBuildPhase;
			buildActionMask = 2147483647;
			files = (
			);
			inputPaths = (
				"${PODS_PODFILE_DIR_PATH}/Podfile.lock",
				"${PODS_ROOT}/Manifest.lock",
			);
			name = "[CP] Check Pods Manifest.lock";
			outputPaths = (
				"$(DERIVED_FILE_DIR)/Pods-PoporFoundationMac-checkManifestLockResult.txt",
			);
			runOnlyForDeploymentPostprocessing = 0;
			shellPath = /bin/sh;
			shellScript = "diff \"${PODS_PODFILE_DIR_PATH}/Podfile.lock\" \"${PODS_ROOT}/Manifest.lock\" > /dev/null\nif [ $? != 0 ] ; then\n    # print error to STDERR\n    echo \"error: The sandbox is not in sync with the Podfile.lock. Run 'pod install' or update your CocoaPods installation.\" >&2\n    exit 1\nfi\n# This output is used by Xcode 'outputs' to avoid re-running this script phase.\necho \"SUCCESS\" > \"${SCRIPT_OUTPUT_FILE_0}\"\n";
			showEnvVarsInLog = 0;
		};
/* End PBXShellScriptBuildPhase section */

/* Begin PBXSourcesBuildPhase section */
		1831BFD120E6209F0019F1A8 /* Sources */ = {
			isa = PBXSourcesBuildPhase;
			buildActionMask = 2147483647;
			files = (
				1831BFDC20E6209F0019F1A8 /* ViewController.m in Sources */,
				1831BFE420E620A10019F1A8 /* main.m in Sources */,
				1831BFD920E6209F0019F1A8 /* AppDelegate.m in Sources */,
			);
			runOnlyForDeploymentPostprocessing = 0;
		};
		18B2F173219AAF5500A05B5F /* Sources */ = {
			isa = PBXSourcesBuildPhase;
			buildActionMask = 2147483647;
			files = (
				18B2F17B219AAF5500A05B5F /* IntentHandler.m in Sources */,
			);
			runOnlyForDeploymentPostprocessing = 0;
		};
		18EB653D20E6101C00EC2E59 /* Sources */ = {
			isa = PBXSourcesBuildPhase;
			buildActionMask = 2147483647;
			files = (
				18EB654820E6101D00EC2E59 /* ViewController.m in Sources */,
				18EB655020E6101E00EC2E59 /* main.m in Sources */,
				18EB654520E6101D00EC2E59 /* AppDelegate.m in Sources */,
			);
			runOnlyForDeploymentPostprocessing = 0;
		};
		6003F586195388D20070C39A /* Sources */ = {
			isa = PBXSourcesBuildPhase;
			buildActionMask = 2147483647;
			files = (
				C3CA6BF724C3D13F008D304B /* AttVC.m in Sources */,
				6003F59E195388D20070C39A /* PoporFoundationAppDelegate.m in Sources */,
				E4FB4C56243766DB00DBA817 /* NSTimerVC.m in Sources */,
				6003F5A7195388D20070C39A /* PoporFoundationViewController.m in Sources */,
				6003F59A195388D20070C39A /* main.m in Sources */,
			);
			runOnlyForDeploymentPostprocessing = 0;
		};
		6003F5AA195388D20070C39A /* Sources */ = {
			isa = PBXSourcesBuildPhase;
			buildActionMask = 2147483647;
			files = (
				6003F5BC195388D20070C39A /* Tests.m in Sources */,
			);
			runOnlyForDeploymentPostprocessing = 0;
		};
/* End PBXSourcesBuildPhase section */

/* Begin PBXTargetDependency section */
		6003F5B4195388D20070C39A /* PBXTargetDependency */ = {
			isa = PBXTargetDependency;
			target = 6003F589195388D20070C39A /* PoporFoundation_Example */;
			targetProxy = 6003F5B3195388D20070C39A /* PBXContainerItemProxy */;
		};
/* End PBXTargetDependency section */

/* Begin PBXVariantGroup section */
		1831BFDD20E6209F0019F1A8 /* Main.storyboard */ = {
			isa = PBXVariantGroup;
			children = (
				1831BFDE20E6209F0019F1A8 /* Base */,
			);
			name = Main.storyboard;
			sourceTree = "<group>";
		};
		18EB654B20E6101E00EC2E59 /* Main.storyboard */ = {
			isa = PBXVariantGroup;
			children = (
				18EB654C20E6101E00EC2E59 /* Base */,
			);
			name = Main.storyboard;
			sourceTree = "<group>";
		};
		6003F596195388D20070C39A /* InfoPlist.strings */ = {
			isa = PBXVariantGroup;
			children = (
				6003F597195388D20070C39A /* en */,
			);
			name = InfoPlist.strings;
			sourceTree = "<group>";
		};
		6003F5B8195388D20070C39A /* InfoPlist.strings */ = {
			isa = PBXVariantGroup;
			children = (
				6003F5B9195388D20070C39A /* en */,
			);
			name = InfoPlist.strings;
			sourceTree = "<group>";
		};
		71719F9D1E33DC2100824A3D /* LaunchScreen.storyboard */ = {
			isa = PBXVariantGroup;
			children = (
				71719F9E1E33DC2100824A3D /* Base */,
			);
			name = LaunchScreen.storyboard;
			sourceTree = "<group>";
		};
/* End PBXVariantGroup section */

/* Begin XCBuildConfiguration section */
		1831BFE520E620A10019F1A8 /* Debug */ = {
			isa = XCBuildConfiguration;
			baseConfigurationReference = AA995ABB33031BCCA677BEB8 /* Pods-PoporFoundationTV.debug.xcconfig */;
			buildSettings = {
				ASSETCATALOG_COMPILER_APPICON_NAME = "App Icon & Top Shelf Image";
				ASSETCATALOG_COMPILER_LAUNCHIMAGE_NAME = LaunchImage;
				CLANG_ANALYZER_NONNULL = YES;
				CLANG_ANALYZER_NUMBER_OBJECT_CONVERSION = YES_AGGRESSIVE;
				CLANG_CXX_LANGUAGE_STANDARD = "gnu++14";
				CLANG_ENABLE_OBJC_WEAK = YES;
				CLANG_WARN_BLOCK_CAPTURE_AUTORELEASING = YES;
				CLANG_WARN_COMMA = YES;
				CLANG_WARN_DEPRECATED_OBJC_IMPLEMENTATIONS = YES;
				CLANG_WARN_DOCUMENTATION_COMMENTS = YES;
				CLANG_WARN_INFINITE_RECURSION = YES;
				CLANG_WARN_NON_LITERAL_NULL_CONVERSION = YES;
				CLANG_WARN_OBJC_IMPLICIT_RETAIN_SELF = YES;
				CLANG_WARN_OBJC_LITERAL_CONVERSION = YES;
				CLANG_WARN_RANGE_LOOP_ANALYSIS = YES;
				CLANG_WARN_STRICT_PROTOTYPES = YES;
				CLANG_WARN_SUSPICIOUS_MOVE = YES;
				CLANG_WARN_UNGUARDED_AVAILABILITY = YES_AGGRESSIVE;
				CLANG_WARN_UNREACHABLE_CODE = YES;
				CODE_SIGN_STYLE = Automatic;
				DEBUG_INFORMATION_FORMAT = dwarf;
				ENABLE_STRICT_OBJC_MSGSEND = YES;
				GCC_C_LANGUAGE_STANDARD = gnu11;
				GCC_NO_COMMON_BLOCKS = YES;
				INFOPLIST_FILE = PoporFoundationTV/Info.plist;
				LD_RUNPATH_SEARCH_PATHS = "$(inherited) @executable_path/Frameworks";
				MTL_ENABLE_DEBUG_INFO = YES;
				PRODUCT_BUNDLE_IDENTIFIER = com.popor.PoporFoundationTV;
				PRODUCT_NAME = "$(TARGET_NAME)";
				SDKROOT = appletvos;
				TARGETED_DEVICE_FAMILY = 3;
				TVOS_DEPLOYMENT_TARGET = 11.4;
			};
			name = Debug;
		};
		1831BFE620E620A10019F1A8 /* Release */ = {
			isa = XCBuildConfiguration;
			baseConfigurationReference = B7938C6C8126F8C60A9EE694 /* Pods-PoporFoundationTV.release.xcconfig */;
			buildSettings = {
				ASSETCATALOG_COMPILER_APPICON_NAME = "App Icon & Top Shelf Image";
				ASSETCATALOG_COMPILER_LAUNCHIMAGE_NAME = LaunchImage;
				CLANG_ANALYZER_NONNULL = YES;
				CLANG_ANALYZER_NUMBER_OBJECT_CONVERSION = YES_AGGRESSIVE;
				CLANG_CXX_LANGUAGE_STANDARD = "gnu++14";
				CLANG_ENABLE_OBJC_WEAK = YES;
				CLANG_WARN_BLOCK_CAPTURE_AUTORELEASING = YES;
				CLANG_WARN_COMMA = YES;
				CLANG_WARN_DEPRECATED_OBJC_IMPLEMENTATIONS = YES;
				CLANG_WARN_DOCUMENTATION_COMMENTS = YES;
				CLANG_WARN_INFINITE_RECURSION = YES;
				CLANG_WARN_NON_LITERAL_NULL_CONVERSION = YES;
				CLANG_WARN_OBJC_IMPLICIT_RETAIN_SELF = YES;
				CLANG_WARN_OBJC_LITERAL_CONVERSION = YES;
				CLANG_WARN_RANGE_LOOP_ANALYSIS = YES;
				CLANG_WARN_STRICT_PROTOTYPES = YES;
				CLANG_WARN_SUSPICIOUS_MOVE = YES;
				CLANG_WARN_UNGUARDED_AVAILABILITY = YES_AGGRESSIVE;
				CLANG_WARN_UNREACHABLE_CODE = YES;
				CODE_SIGN_STYLE = Automatic;
				COPY_PHASE_STRIP = NO;
				DEBUG_INFORMATION_FORMAT = "dwarf-with-dsym";
				ENABLE_STRICT_OBJC_MSGSEND = YES;
				GCC_C_LANGUAGE_STANDARD = gnu11;
				GCC_NO_COMMON_BLOCKS = YES;
				INFOPLIST_FILE = PoporFoundationTV/Info.plist;
				LD_RUNPATH_SEARCH_PATHS = "$(inherited) @executable_path/Frameworks";
				MTL_ENABLE_DEBUG_INFO = NO;
				PRODUCT_BUNDLE_IDENTIFIER = com.popor.PoporFoundationTV;
				PRODUCT_NAME = "$(TARGET_NAME)";
				SDKROOT = appletvos;
				TARGETED_DEVICE_FAMILY = 3;
				TVOS_DEPLOYMENT_TARGET = 11.4;
			};
			name = Release;
		};
		18B2F17D219AAF5500A05B5F /* Debug */ = {
			isa = XCBuildConfiguration;
			buildSettings = {
				CLANG_ANALYZER_NONNULL = YES;
				CLANG_ANALYZER_NUMBER_OBJECT_CONVERSION = YES_AGGRESSIVE;
				CLANG_CXX_LANGUAGE_STANDARD = "gnu++14";
				CLANG_ENABLE_OBJC_WEAK = YES;
				CLANG_WARN_BLOCK_CAPTURE_AUTORELEASING = YES;
				CLANG_WARN_COMMA = YES;
				CLANG_WARN_DEPRECATED_OBJC_IMPLEMENTATIONS = YES;
				CLANG_WARN_DOCUMENTATION_COMMENTS = YES;
				CLANG_WARN_INFINITE_RECURSION = YES;
				CLANG_WARN_NON_LITERAL_NULL_CONVERSION = YES;
				CLANG_WARN_OBJC_IMPLICIT_RETAIN_SELF = YES;
				CLANG_WARN_OBJC_LITERAL_CONVERSION = YES;
				CLANG_WARN_RANGE_LOOP_ANALYSIS = YES;
				CLANG_WARN_STRICT_PROTOTYPES = YES;
				CLANG_WARN_SUSPICIOUS_MOVE = YES;
				CLANG_WARN_UNGUARDED_AVAILABILITY = YES_AGGRESSIVE;
				CLANG_WARN_UNREACHABLE_CODE = YES;
				CODE_SIGN_STYLE = Automatic;
				DEBUG_INFORMATION_FORMAT = dwarf;
				ENABLE_STRICT_OBJC_MSGSEND = YES;
				GCC_C_LANGUAGE_STANDARD = gnu11;
				GCC_NO_COMMON_BLOCKS = YES;
				INFOPLIST_FILE = PoporFoundationWatch/Info.plist;
				LD_RUNPATH_SEARCH_PATHS = "$(inherited) @executable_path/Frameworks @executable_path/../../Frameworks @executable_path/../../../../Frameworks";
				MTL_ENABLE_DEBUG_INFO = INCLUDE_SOURCE;
				MTL_FAST_MATH = YES;
				PRODUCT_BUNDLE_IDENTIFIER = com.popor.PoporFoundationWatch;
				PRODUCT_NAME = "$(TARGET_NAME)";
				SDKROOT = watchos;
				SKIP_INSTALL = YES;
				TARGETED_DEVICE_FAMILY = 4;
				WATCHOS_DEPLOYMENT_TARGET = 5.1;
			};
			name = Debug;
		};
		18B2F17E219AAF5500A05B5F /* Release */ = {
			isa = XCBuildConfiguration;
			buildSettings = {
				CLANG_ANALYZER_NONNULL = YES;
				CLANG_ANALYZER_NUMBER_OBJECT_CONVERSION = YES_AGGRESSIVE;
				CLANG_CXX_LANGUAGE_STANDARD = "gnu++14";
				CLANG_ENABLE_OBJC_WEAK = YES;
				CLANG_WARN_BLOCK_CAPTURE_AUTORELEASING = YES;
				CLANG_WARN_COMMA = YES;
				CLANG_WARN_DEPRECATED_OBJC_IMPLEMENTATIONS = YES;
				CLANG_WARN_DOCUMENTATION_COMMENTS = YES;
				CLANG_WARN_INFINITE_RECURSION = YES;
				CLANG_WARN_NON_LITERAL_NULL_CONVERSION = YES;
				CLANG_WARN_OBJC_IMPLICIT_RETAIN_SELF = YES;
				CLANG_WARN_OBJC_LITERAL_CONVERSION = YES;
				CLANG_WARN_RANGE_LOOP_ANALYSIS = YES;
				CLANG_WARN_STRICT_PROTOTYPES = YES;
				CLANG_WARN_SUSPICIOUS_MOVE = YES;
				CLANG_WARN_UNGUARDED_AVAILABILITY = YES_AGGRESSIVE;
				CLANG_WARN_UNREACHABLE_CODE = YES;
				CODE_SIGN_STYLE = Automatic;
				COPY_PHASE_STRIP = NO;
				DEBUG_INFORMATION_FORMAT = "dwarf-with-dsym";
				ENABLE_STRICT_OBJC_MSGSEND = YES;
				GCC_C_LANGUAGE_STANDARD = gnu11;
				GCC_NO_COMMON_BLOCKS = YES;
				INFOPLIST_FILE = PoporFoundationWatch/Info.plist;
				LD_RUNPATH_SEARCH_PATHS = "$(inherited) @executable_path/Frameworks @executable_path/../../Frameworks @executable_path/../../../../Frameworks";
				MTL_ENABLE_DEBUG_INFO = NO;
				MTL_FAST_MATH = YES;
				PRODUCT_BUNDLE_IDENTIFIER = com.popor.PoporFoundationWatch;
				PRODUCT_NAME = "$(TARGET_NAME)";
				SDKROOT = watchos;
				SKIP_INSTALL = YES;
				TARGETED_DEVICE_FAMILY = 4;
				WATCHOS_DEPLOYMENT_TARGET = 5.1;
			};
			name = Release;
		};
		18EB655220E6101E00EC2E59 /* Debug */ = {
			isa = XCBuildConfiguration;
			baseConfigurationReference = 416A96379209DC3873775F56 /* Pods-PoporFoundationMac.debug.xcconfig */;
			buildSettings = {
				ASSETCATALOG_COMPILER_APPICON_NAME = AppIcon;
				CLANG_ANALYZER_NONNULL = YES;
				CLANG_ANALYZER_NUMBER_OBJECT_CONVERSION = YES_AGGRESSIVE;
				CLANG_CXX_LANGUAGE_STANDARD = "gnu++14";
				CLANG_ENABLE_OBJC_WEAK = YES;
				CLANG_WARN_BLOCK_CAPTURE_AUTORELEASING = YES;
				CLANG_WARN_COMMA = YES;
				CLANG_WARN_DEPRECATED_OBJC_IMPLEMENTATIONS = YES;
				CLANG_WARN_DOCUMENTATION_COMMENTS = YES;
				CLANG_WARN_INFINITE_RECURSION = YES;
				CLANG_WARN_NON_LITERAL_NULL_CONVERSION = YES;
				CLANG_WARN_OBJC_IMPLICIT_RETAIN_SELF = YES;
				CLANG_WARN_OBJC_LITERAL_CONVERSION = YES;
				CLANG_WARN_RANGE_LOOP_ANALYSIS = YES;
				CLANG_WARN_STRICT_PROTOTYPES = YES;
				CLANG_WARN_SUSPICIOUS_MOVE = YES;
				CLANG_WARN_UNGUARDED_AVAILABILITY = YES_AGGRESSIVE;
				CLANG_WARN_UNREACHABLE_CODE = YES;
				CODE_SIGN_ENTITLEMENTS = PoporFoundationMac/PoporFoundationMac.entitlements;
				CODE_SIGN_IDENTITY = "-";
				CODE_SIGN_STYLE = Automatic;
				COMBINE_HIDPI_IMAGES = YES;
				DEBUG_INFORMATION_FORMAT = dwarf;
				ENABLE_STRICT_OBJC_MSGSEND = YES;
				GCC_C_LANGUAGE_STANDARD = gnu11;
				GCC_NO_COMMON_BLOCKS = YES;
				INFOPLIST_FILE = PoporFoundationMac/Info.plist;
				LD_RUNPATH_SEARCH_PATHS = "$(inherited) @executable_path/../Frameworks";
				MACOSX_DEPLOYMENT_TARGET = 10.13;
				MTL_ENABLE_DEBUG_INFO = YES;
				PRODUCT_BUNDLE_IDENTIFIER = com.popor.PoporFoundationMac;
				PRODUCT_NAME = "$(TARGET_NAME)";
				SDKROOT = macosx;
			};
			name = Debug;
		};
		18EB655320E6101E00EC2E59 /* Release */ = {
			isa = XCBuildConfiguration;
			baseConfigurationReference = 4C648E9975CC1F3E7482EC93 /* Pods-PoporFoundationMac.release.xcconfig */;
			buildSettings = {
				ASSETCATALOG_COMPILER_APPICON_NAME = AppIcon;
				CLANG_ANALYZER_NONNULL = YES;
				CLANG_ANALYZER_NUMBER_OBJECT_CONVERSION = YES_AGGRESSIVE;
				CLANG_CXX_LANGUAGE_STANDARD = "gnu++14";
				CLANG_ENABLE_OBJC_WEAK = YES;
				CLANG_WARN_BLOCK_CAPTURE_AUTORELEASING = YES;
				CLANG_WARN_COMMA = YES;
				CLANG_WARN_DEPRECATED_OBJC_IMPLEMENTATIONS = YES;
				CLANG_WARN_DOCUMENTATION_COMMENTS = YES;
				CLANG_WARN_INFINITE_RECURSION = YES;
				CLANG_WARN_NON_LITERAL_NULL_CONVERSION = YES;
				CLANG_WARN_OBJC_IMPLICIT_RETAIN_SELF = YES;
				CLANG_WARN_OBJC_LITERAL_CONVERSION = YES;
				CLANG_WARN_RANGE_LOOP_ANALYSIS = YES;
				CLANG_WARN_STRICT_PROTOTYPES = YES;
				CLANG_WARN_SUSPICIOUS_MOVE = YES;
				CLANG_WARN_UNGUARDED_AVAILABILITY = YES_AGGRESSIVE;
				CLANG_WARN_UNREACHABLE_CODE = YES;
				CODE_SIGN_ENTITLEMENTS = PoporFoundationMac/PoporFoundationMac.entitlements;
				CODE_SIGN_IDENTITY = "-";
				CODE_SIGN_STYLE = Automatic;
				COMBINE_HIDPI_IMAGES = YES;
				COPY_PHASE_STRIP = NO;
				DEBUG_INFORMATION_FORMAT = "dwarf-with-dsym";
				ENABLE_STRICT_OBJC_MSGSEND = YES;
				GCC_C_LANGUAGE_STANDARD = gnu11;
				GCC_NO_COMMON_BLOCKS = YES;
				INFOPLIST_FILE = PoporFoundationMac/Info.plist;
				LD_RUNPATH_SEARCH_PATHS = "$(inherited) @executable_path/../Frameworks";
				MACOSX_DEPLOYMENT_TARGET = 10.13;
				MTL_ENABLE_DEBUG_INFO = NO;
				PRODUCT_BUNDLE_IDENTIFIER = com.popor.PoporFoundationMac;
				PRODUCT_NAME = "$(TARGET_NAME)";
				SDKROOT = macosx;
			};
			name = Release;
		};
		6003F5BD195388D20070C39A /* Debug */ = {
			isa = XCBuildConfiguration;
			buildSettings = {
				ALWAYS_SEARCH_USER_PATHS = NO;
				CLANG_CXX_LANGUAGE_STANDARD = "gnu++0x";
				CLANG_CXX_LIBRARY = "libc++";
				CLANG_ENABLE_MODULES = YES;
				CLANG_ENABLE_OBJC_ARC = YES;
				CLANG_WARN_BOOL_CONVERSION = YES;
				CLANG_WARN_CONSTANT_CONVERSION = YES;
				CLANG_WARN_DIRECT_OBJC_ISA_USAGE = YES_ERROR;
				CLANG_WARN_EMPTY_BODY = YES;
				CLANG_WARN_ENUM_CONVERSION = YES;
				CLANG_WARN_INT_CONVERSION = YES;
				CLANG_WARN_OBJC_ROOT_CLASS = YES_ERROR;
				CLANG_WARN__DUPLICATE_METHOD_MATCH = YES;
				"CODE_SIGN_IDENTITY[sdk=iphoneos*]" = "iPhone Developer";
				COPY_PHASE_STRIP = NO;
				ENABLE_TESTABILITY = YES;
				GCC_C_LANGUAGE_STANDARD = gnu99;
				GCC_DYNAMIC_NO_PIC = NO;
				GCC_OPTIMIZATION_LEVEL = 0;
				GCC_PREPROCESSOR_DEFINITIONS = (
					"DEBUG=1",
					"$(inherited)",
				);
				GCC_SYMBOLS_PRIVATE_EXTERN = NO;
				GCC_WARN_64_TO_32_BIT_CONVERSION = YES;
				GCC_WARN_ABOUT_RETURN_TYPE = YES_ERROR;
				GCC_WARN_UNDECLARED_SELECTOR = YES;
				GCC_WARN_UNINITIALIZED_AUTOS = YES_AGGRESSIVE;
				GCC_WARN_UNUSED_FUNCTION = YES;
				GCC_WARN_UNUSED_VARIABLE = YES;
				IPHONEOS_DEPLOYMENT_TARGET = 9.3;
				ONLY_ACTIVE_ARCH = YES;
				SDKROOT = iphoneos;
				TARGETED_DEVICE_FAMILY = "1,2";
			};
			name = Debug;
		};
		6003F5BE195388D20070C39A /* Release */ = {
			isa = XCBuildConfiguration;
			buildSettings = {
				ALWAYS_SEARCH_USER_PATHS = NO;
				CLANG_CXX_LANGUAGE_STANDARD = "gnu++0x";
				CLANG_CXX_LIBRARY = "libc++";
				CLANG_ENABLE_MODULES = YES;
				CLANG_ENABLE_OBJC_ARC = YES;
				CLANG_WARN_BOOL_CONVERSION = YES;
				CLANG_WARN_CONSTANT_CONVERSION = YES;
				CLANG_WARN_DIRECT_OBJC_ISA_USAGE = YES_ERROR;
				CLANG_WARN_EMPTY_BODY = YES;
				CLANG_WARN_ENUM_CONVERSION = YES;
				CLANG_WARN_INT_CONVERSION = YES;
				CLANG_WARN_OBJC_ROOT_CLASS = YES_ERROR;
				CLANG_WARN__DUPLICATE_METHOD_MATCH = YES;
				"CODE_SIGN_IDENTITY[sdk=iphoneos*]" = "iPhone Developer";
				COPY_PHASE_STRIP = YES;
				ENABLE_NS_ASSERTIONS = NO;
				GCC_C_LANGUAGE_STANDARD = gnu99;
				GCC_WARN_64_TO_32_BIT_CONVERSION = YES;
				GCC_WARN_ABOUT_RETURN_TYPE = YES_ERROR;
				GCC_WARN_UNDECLARED_SELECTOR = YES;
				GCC_WARN_UNINITIALIZED_AUTOS = YES_AGGRESSIVE;
				GCC_WARN_UNUSED_FUNCTION = YES;
				GCC_WARN_UNUSED_VARIABLE = YES;
				IPHONEOS_DEPLOYMENT_TARGET = 9.3;
				SDKROOT = iphoneos;
				TARGETED_DEVICE_FAMILY = "1,2";
				VALIDATE_PRODUCT = YES;
			};
			name = Release;
		};
		6003F5C0195388D20070C39A /* Debug */ = {
			isa = XCBuildConfiguration;
			baseConfigurationReference = E7557B07A6B58E89C88005FC /* Pods-PoporFoundation_Example.debug.xcconfig */;
			buildSettings = {
				ASSETCATALOG_COMPILER_APPICON_NAME = AppIcon;
				DEVELOPMENT_TEAM = 6SK6RQ8S8Q;
				GCC_PRECOMPILE_PREFIX_HEADER = YES;
				GCC_PREFIX_HEADER = "PoporFoundation/PoporFoundation-Prefix.pch";
				INFOPLIST_FILE = "PoporFoundation/PoporFoundation-Info.plist";
				MODULE_NAME = ExampleApp;
				PRODUCT_BUNDLE_IDENTIFIER = com.ifcar99.wkq;
				PRODUCT_NAME = "$(TARGET_NAME)";
				WRAPPER_EXTENSION = app;
			};
			name = Debug;
		};
		6003F5C1195388D20070C39A /* Release */ = {
			isa = XCBuildConfiguration;
			baseConfigurationReference = D8DF27F2DCBE6AF686353637 /* Pods-PoporFoundation_Example.release.xcconfig */;
			buildSettings = {
				ASSETCATALOG_COMPILER_APPICON_NAME = AppIcon;
				DEVELOPMENT_TEAM = 6SK6RQ8S8Q;
				GCC_PRECOMPILE_PREFIX_HEADER = YES;
				GCC_PREFIX_HEADER = "PoporFoundation/PoporFoundation-Prefix.pch";
				INFOPLIST_FILE = "PoporFoundation/PoporFoundation-Info.plist";
				MODULE_NAME = ExampleApp;
				PRODUCT_BUNDLE_IDENTIFIER = com.ifcar99.wkq;
				PRODUCT_NAME = "$(TARGET_NAME)";
				WRAPPER_EXTENSION = app;
			};
			name = Release;
		};
		6003F5C3195388D20070C39A /* Debug */ = {
			isa = XCBuildConfiguration;
			baseConfigurationReference = 75CE04B825F65AD63CDC662A /* Pods-PoporFoundation_Tests.debug.xcconfig */;
			buildSettings = {
				BUNDLE_LOADER = "$(TEST_HOST)";
				FRAMEWORK_SEARCH_PATHS = (
					"$(SDKROOT)/Developer/Library/Frameworks",
					"$(inherited)",
					"$(DEVELOPER_FRAMEWORKS_DIR)",
				);
				GCC_PRECOMPILE_PREFIX_HEADER = YES;
				GCC_PREFIX_HEADER = "Tests/Tests-Prefix.pch";
				GCC_PREPROCESSOR_DEFINITIONS = (
					"DEBUG=1",
					"$(inherited)",
				);
				INFOPLIST_FILE = "Tests/Tests-Info.plist";
				PRODUCT_BUNDLE_IDENTIFIER = "org.cocoapods.demo.${PRODUCT_NAME:rfc1034identifier}";
				PRODUCT_NAME = "$(TARGET_NAME)";
				TEST_HOST = "$(BUILT_PRODUCTS_DIR)/PoporFoundation_Example.app/PoporFoundation_Example";
				WRAPPER_EXTENSION = xctest;
			};
			name = Debug;
		};
		6003F5C4195388D20070C39A /* Release */ = {
			isa = XCBuildConfiguration;
			baseConfigurationReference = 7AF18C123667655E3560497C /* Pods-PoporFoundation_Tests.release.xcconfig */;
			buildSettings = {
				BUNDLE_LOADER = "$(TEST_HOST)";
				FRAMEWORK_SEARCH_PATHS = (
					"$(SDKROOT)/Developer/Library/Frameworks",
					"$(inherited)",
					"$(DEVELOPER_FRAMEWORKS_DIR)",
				);
				GCC_PRECOMPILE_PREFIX_HEADER = YES;
				GCC_PREFIX_HEADER = "Tests/Tests-Prefix.pch";
				INFOPLIST_FILE = "Tests/Tests-Info.plist";
				PRODUCT_BUNDLE_IDENTIFIER = "org.cocoapods.demo.${PRODUCT_NAME:rfc1034identifier}";
				PRODUCT_NAME = "$(TARGET_NAME)";
				TEST_HOST = "$(BUILT_PRODUCTS_DIR)/PoporFoundation_Example.app/PoporFoundation_Example";
				WRAPPER_EXTENSION = xctest;
			};
			name = Release;
		};
/* End XCBuildConfiguration section */

/* Begin XCConfigurationList section */
		1831BFE720E620A10019F1A8 /* Build configuration list for PBXNativeTarget "PoporFoundationTV" */ = {
			isa = XCConfigurationList;
			buildConfigurations = (
				1831BFE520E620A10019F1A8 /* Debug */,
				1831BFE620E620A10019F1A8 /* Release */,
			);
			defaultConfigurationIsVisible = 0;
			defaultConfigurationName = Release;
		};
		18B2F17F219AAF5500A05B5F /* Build configuration list for PBXNativeTarget "PoporFoundationWatch" */ = {
			isa = XCConfigurationList;
			buildConfigurations = (
				18B2F17D219AAF5500A05B5F /* Debug */,
				18B2F17E219AAF5500A05B5F /* Release */,
			);
			defaultConfigurationIsVisible = 0;
			defaultConfigurationName = Release;
		};
		18EB655420E6101E00EC2E59 /* Build configuration list for PBXNativeTarget "PoporFoundationMac" */ = {
			isa = XCConfigurationList;
			buildConfigurations = (
				18EB655220E6101E00EC2E59 /* Debug */,
				18EB655320E6101E00EC2E59 /* Release */,
			);
			defaultConfigurationIsVisible = 0;
			defaultConfigurationName = Release;
		};
		6003F585195388D10070C39A /* Build configuration list for PBXProject "PoporFoundation" */ = {
			isa = XCConfigurationList;
			buildConfigurations = (
				6003F5BD195388D20070C39A /* Debug */,
				6003F5BE195388D20070C39A /* Release */,
			);
			defaultConfigurationIsVisible = 0;
			defaultConfigurationName = Release;
		};
		6003F5BF195388D20070C39A /* Build configuration list for PBXNativeTarget "PoporFoundation_Example" */ = {
			isa = XCConfigurationList;
			buildConfigurations = (
				6003F5C0195388D20070C39A /* Debug */,
				6003F5C1195388D20070C39A /* Release */,
			);
			defaultConfigurationIsVisible = 0;
			defaultConfigurationName = Release;
		};
		6003F5C2195388D20070C39A /* Build configuration list for PBXNativeTarget "PoporFoundation_Tests" */ = {
			isa = XCConfigurationList;
			buildConfigurations = (
				6003F5C3195388D20070C39A /* Debug */,
				6003F5C4195388D20070C39A /* Release */,
			);
			defaultConfigurationIsVisible = 0;
			defaultConfigurationName = Release;
		};
/* End XCConfigurationList section */
	};
	rootObject = 6003F582195388D10070C39A /* Project object */;
}
